{
  "name": "tempusarchive",
  "version": "1.0.0",
  "lockfileVersion": 2,
  "requires": true,
  "packages": {
    "": {
      "name": "tempusarchive",
      "version": "1.0.0",
      "license": "MIT",
      "os": [
        "win32"
      ],
      "dependencies": {
        "commander": "^9.4.0",
        "despair": "^2.1.2",
        "temrec": "^4.2.0"
      },
      "bin": {
        "tempusarchive": "bin/tempusarchive.js"
      }
    },
    "node_modules/commander": {
      "version": "9.4.0",
      "resolved": "https://registry.npmjs.org/commander/-/commander-9.4.0.tgz",
      "integrity": "sha512-sRPT+umqkz90UA8M1yqYfnHlZA7fF6nSphDtxeywPZ49ysjxDQybzk13CL+mXekDRG92skbcqCLVovuCusNmFw==",
      "engines": {
        "node": "^12.20.0 || >=14"
      }
    },
    "node_modules/demrec": {
      "version": "6.1.0",
      "resolved": "https://registry.npmjs.org/demrec/-/demrec-6.1.0.tgz",
      "integrity": "sha512-fQtZdGhDuSM96ti0l7E+WccYynS5cdwZ+Cf8d43xAmaqf39qHnDY17l+lvZbsZmMPeOcR44w6cwTYqSizzJmnQ=="
    },
    "node_modules/despair": {
      "version": "2.1.2",
      "resolved": "https://registry.npmjs.org/despair/-/despair-2.1.2.tgz",
      "integrity": "sha512-ewxrc9YT8RtBVftFrUmu9Fl3uBNz3TqusFLjoGiqqAmpQhVM3X0jDorqyFf7pIdcUe1Hd6SHbJZ/pz7FItLo3g=="
    },
    "node_modules/temrec": {
      "version": "4.2.0",
      "resolved": "https://registry.npmjs.org/temrec/-/temrec-4.2.0.tgz",
      "integrity": "sha512-zbXdnuloUAaDwf0FthFYxgVT0V8l5TEea8AcE/uvz/6tHPo8+KIeFJ/Qz7fWCbTx0QZkcqX15aCKhTYz9UG+iA==",
      "dependencies": {
        "commander": "^9.3.0",
        "demrec": "^6.1.0"
      },
      "bin": {
        "temrec": "bin/temrec.js"
      }
    }
  },
  "dependencies": {
    "commander": {
      "version": "9.4.0",
      "resolved": "https://registry.npmjs.org/commander/-/commander-9.4.0.tgz",
      "integrity": "sha512-sRPT+umqkz90UA8M1yqYfnHlZA7fF6nSphDtxeywPZ49ysjxDQybzk13CL+mXekDRG92skbcqCLVovuCusNmFw=="
    },
    "demrec": {
      "version": "6.1.0",
      "resolved": "https://registry.npmjs.org/demrec/-/demrec-6.1.0.tgz",
      "integrity": "sha512-fQtZdGhDuSM96ti0l7E+WccYynS5cdwZ+Cf8d43xAmaqf39qHnDY17l+lvZbsZmMPeOcR44w6cwTYqSizzJmnQ=="
    },
    "despair": {
      "version": "2.1.2",
      "resolved": "https://registry.npmjs.org/despair/-/despair-2.1.2.tgz",
      "integrity": "sha512-ewxrc9YT8RtBVftFrUmu9Fl3uBNz3TqusFLjoGiqqAmpQhVM3X0jDorqyFf7pIdcUe1Hd6SHbJZ/pz7FItLo3g=="
    },
    "temrec": {
      "version": "4.2.0",
      "resolved": "https://registry.npmjs.org/temrec/-/temrec-4.2.0.tgz",
      "integrity": "sha512-zbXdnuloUAaDwf0FthFYxgVT0V8l5TEea8AcE/uvz/6tHPo8+KIeFJ/Qz7fWCbTx0QZkcqX15aCKhTYz9UG+iA==",
      "requires": {
        "commander": "^9.3.0",
        "demrec": "^6.1.0"
      }
    }
  }
}
