{
  "name": "tempusarchive",
  "version": "1.0.0",
  "lockfileVersion": 2,
  "requires": true,
  "packages": {
    "": {
      "name": "tempusarchive",
      "version": "1.0.0",
      "license": "MIT",
      "dependencies": {
        "despair": "^2.1.2",
        "temrec": "^2.0.5"
      }
    },
    "node_modules/commander": {
      "version": "9.3.0",
      "resolved": "https://registry.npmjs.org/commander/-/commander-9.3.0.tgz",
      "integrity": "sha512-hv95iU5uXPbK83mjrJKuZyFM/LBAoCV/XhVGkS5Je6tl7sxr6A0ITMw5WoRV46/UaJ46Nllm3Xt7IaJhXTIkzw==",
      "engines": {
        "node": "^12.20.0 || >=14"
      }
    },
    "node_modules/demrec": {
      "version": "4.2.3",
      "resolved": "https://registry.npmjs.org/demrec/-/demrec-4.2.3.tgz",
      "integrity": "sha512-n7JFM+4t+5i3TWBQBy7Pd0bCo/AhCDI8NVwlMy2jjVAS34NflCuT0QYBLx+4i6A7UnHTmtfe0FC1fF/KFve4jQ=="
    },
    "node_modules/despair": {
      "version": "2.1.2",
      "resolved": "https://registry.npmjs.org/despair/-/despair-2.1.2.tgz",
      "integrity": "sha512-ewxrc9YT8RtBVftFrUmu9Fl3uBNz3TqusFLjoGiqqAmpQhVM3X0jDorqyFf7pIdcUe1Hd6SHbJZ/pz7FItLo3g=="
    },
    "node_modules/temrec": {
      "version": "2.0.5",
      "resolved": "https://registry.npmjs.org/temrec/-/temrec-2.0.5.tgz",
      "integrity": "sha512-I7N9Qxsa1oCcYeqxc4GER9aovsBliHXFhczOaAXIeXvZr0ExfQyDcIY5KnYaq89xoC+QqUoiAWVGuryDgMr8TA==",
      "dependencies": {
        "commander": "^9.3.0",
        "demrec": "^4.2.3",
        "despair": "^2.1.2"
      },
      "bin": {
        "temrec": "bin/temrec.js"
      }
    }
  },
  "dependencies": {
    "commander": {
      "version": "9.3.0",
      "resolved": "https://registry.npmjs.org/commander/-/commander-9.3.0.tgz",
      "integrity": "sha512-hv95iU5uXPbK83mjrJKuZyFM/LBAoCV/XhVGkS5Je6tl7sxr6A0ITMw5WoRV46/UaJ46Nllm3Xt7IaJhXTIkzw=="
    },
    "demrec": {
      "version": "4.2.3",
      "resolved": "https://registry.npmjs.org/demrec/-/demrec-4.2.3.tgz",
      "integrity": "sha512-n7JFM+4t+5i3TWBQBy7Pd0bCo/AhCDI8NVwlMy2jjVAS34NflCuT0QYBLx+4i6A7UnHTmtfe0FC1fF/KFve4jQ=="
    },
    "despair": {
      "version": "2.1.2",
      "resolved": "https://registry.npmjs.org/despair/-/despair-2.1.2.tgz",
      "integrity": "sha512-ewxrc9YT8RtBVftFrUmu9Fl3uBNz3TqusFLjoGiqqAmpQhVM3X0jDorqyFf7pIdcUe1Hd6SHbJZ/pz7FItLo3g=="
    },
    "temrec": {
      "version": "2.0.5",
      "resolved": "https://registry.npmjs.org/temrec/-/temrec-2.0.5.tgz",
      "integrity": "sha512-I7N9Qxsa1oCcYeqxc4GER9aovsBliHXFhczOaAXIeXvZr0ExfQyDcIY5KnYaq89xoC+QqUoiAWVGuryDgMr8TA==",
      "requires": {
        "commander": "^9.3.0",
        "demrec": "^4.2.3",
        "despair": "^2.1.2"
      }
    }
  }
}
